// !$*UTF8*$!
{
	archiveVersion = 1;
	classes = {
	};
	objectVersion = 51;
	objects = {

/* Begin PBXBuildFile section */
		2A0AAF6223346E10003A647B /* CCSToDoListViewController.swift in Sources */ = {isa = PBXBuildFile; fileRef = 2A0AAF6123346E10003A647B /* CCSToDoListViewController.swift */; };
		2ABF516A2314DB7400658B15 /* TodoModel.swift in Sources */ = {isa = PBXBuildFile; fileRef = 2ABF51692314DB7400658B15 /* TodoModel.swift */; };
		2AF7EEE42313D57A0071AACF /* AppDelegate.swift in Sources */ = {isa = PBXBuildFile; fileRef = 2AF7EEE32313D57A0071AACF /* AppDelegate.swift */; };
		2AF7EEE62313D57A0071AACF /* ViewController.swift in Sources */ = {isa = PBXBuildFile; fileRef = 2AF7EEE52313D57A0071AACF /* ViewController.swift */; };
		2AF7EEE92313D57A0071AACF /* Main.storyboard in Resources */ = {isa = PBXBuildFile; fileRef = 2AF7EEE72313D57A0071AACF /* Main.storyboard */; };
		2AF7EEEB2313D57B0071AACF /* Assets.xcassets in Resources */ = {isa = PBXBuildFile; fileRef = 2AF7EEEA2313D57B0071AACF /* Assets.xcassets */; };
		2AF7EEEE2313D57B0071AACF /* LaunchScreen.storyboard in Resources */ = {isa = PBXBuildFile; fileRef = 2AF7EEEC2313D57B0071AACF /* LaunchScreen.storyboard */; };
		2AF7EEF72313D6B00071AACF /* SFRealm.swift in Sources */ = {isa = PBXBuildFile; fileRef = 2AF7EEF62313D6B00071AACF /* SFRealm.swift */; };
		31E41F6A6F18D920B05C2136 /* Pods_RealmDemo.framework in Frameworks */ = {isa = PBXBuildFile; fileRef = 077D272000DD3189EBA20F3E /* Pods_RealmDemo.framework */; };
/* End PBXBuildFile section */

/* Begin PBXFileReference section */
		077D272000DD3189EBA20F3E /* Pods_RealmDemo.framework */ = {isa = PBXFileReference; explicitFileType = wrapper.framework; includeInIndex = 0; path = Pods_RealmDemo.framework; sourceTree = BUILT_PRODUCTS_DIR; };
		2A0AAF6123346E10003A647B /* CCSToDoListViewController.swift */ = {isa = PBXFileReference; lastKnownFileType = sourcecode.swift; path = CCSToDoListViewController.swift; sourceTree = "<group>"; };
		2ABF51692314DB7400658B15 /* TodoModel.swift */ = {isa = PBXFileReference; lastKnownFileType = sourcecode.swift; path = TodoModel.swift; sourceTree = "<group>"; };
		2AF7EEE02313D57A0071AACF /* RealmDemo.app */ = {isa = PBXFileReference; explicitFileType = wrapper.application; includeInIndex = 0; path = RealmDemo.app; sourceTree = BUILT_PRODUCTS_DIR; };
		2AF7EEE32313D57A0071AACF /* AppDelegate.swift */ = {isa = PBXFileReference; lastKnownFileType = sourcecode.swift; path = AppDelegate.swift; sourceTree = "<group>"; };
		2AF7EEE52313D57A0071AACF /* ViewController.swift */ = {isa = PBXFileReference; lastKnownFileType = sourcecode.swift; path = ViewController.swift; sourceTree = "<group>"; };
		2AF7EEE82313D57A0071AACF /* Base */ = {isa = PBXFileReference; lastKnownFileType = file.storyboard; name = Base; path = Base.lproj/Main.storyboard; sourceTree = "<group>"; };
		2AF7EEEA2313D57B0071AACF /* Assets.xcassets */ = {isa = PBXFileReference; lastKnownFileType = folder.assetcatalog; path = Assets.xcassets; sourceTree = "<group>"; };
		2AF7EEED2313D57B0071AACF /* Base */ = {isa = PBXFileReference; lastKnownFileType = file.storyboard; name = Base; path = Base.lproj/LaunchScreen.storyboard; sourceTree = "<group>"; };
		2AF7EEEF2313D57B0071AACF /* Info.plist */ = {isa = PBXFileReference; lastKnownFileType = text.plist.xml; path = Info.plist; sourceTree = "<group>"; };
		2AF7EEF62313D6B00071AACF /* SFRealm.swift */ = {isa = PBXFileReference; lastKnownFileType = sourcecode.swift; path = SFRealm.swift; sourceTree = "<group>"; };
		31BB61D4E11C1C2224EC1113 /* Pods-RealmDemo.debug.xcconfig */ = {isa = PBXFileReference; includeInIndex = 1; lastKnownFileType = text.xcconfig; name = "Pods-RealmDemo.debug.xcconfig"; path = "Target Support Files/Pods-RealmDemo/Pods-RealmDemo.debug.xcconfig"; sourceTree = "<group>"; };
		92A3F5F5B131E4EB4FFDECF3 /* Pods-RealmDemo.release.xcconfig */ = {isa = PBXFileReference; includeInIndex = 1; lastKnownFileType = text.xcconfig; name = "Pods-RealmDemo.release.xcconfig"; path = "Target Support Files/Pods-RealmDemo/Pods-RealmDemo.release.xcconfig"; sourceTree = "<group>"; };
/* End PBXFileReference section */

/* Begin PBXFrameworksBuildPhase section */
		2AF7EEDD2313D57A0071AACF /* Frameworks */ = {
			isa = PBXFrameworksBuildPhase;
			buildActionMask = 2147483647;
			files = (
				31E41F6A6F18D920B05C2136 /* Pods_RealmDemo.framework in Frameworks */,
			);
			runOnlyForDeploymentPostprocessing = 0;
		};
/* End PBXFrameworksBuildPhase section */

/* Begin PBXGroup section */
		2A0AAF5F23346DB1003A647B /* Controller */ = {
			isa = PBXGroup;
			children = (
				2A0AAF6123346E10003A647B /* CCSToDoListViewController.swift */,
			);
			path = Controller;
			sourceTree = "<group>";
		};
		2A0AAF6023346DEE003A647B /* Model */ = {
			isa = PBXGroup;
			children = (
			);
			path = Model;
			sourceTree = "<group>";
		};
		2AF7EED72313D57A0071AACF = {
			isa = PBXGroup;
			children = (
				2AF7EEE22313D57A0071AACF /* RealmDemo */,
				2AF7EEE12313D57A0071AACF /* Products */,
				30B5E1CDF3C698B83F36AC66 /* Pods */,
				3B3DC2E73F73F8093E543088 /* Frameworks */,
			);
			sourceTree = "<group>";
		};
		2AF7EEE12313D57A0071AACF /* Products */ = {
			isa = PBXGroup;
			children = (
				2AF7EEE02313D57A0071AACF /* RealmDemo.app */,
			);
			name = Products;
			sourceTree = "<group>";
		};
		2AF7EEE22313D57A0071AACF /* RealmDemo */ = {
			isa = PBXGroup;
			children = (
				2AF7EEF52313D69C0071AACF /* Class */,
				2AF7EEE32313D57A0071AACF /* AppDelegate.swift */,
				2AF7EEE52313D57A0071AACF /* ViewController.swift */,
				2AF7EEE72313D57A0071AACF /* Main.storyboard */,
				2AF7EEEA2313D57B0071AACF /* Assets.xcassets */,
				2AF7EEEC2313D57B0071AACF /* LaunchScreen.storyboard */,
				2AF7EEEF2313D57B0071AACF /* Info.plist */,
			);
			path = RealmDemo;
			sourceTree = "<group>";
		};
		2AF7EEF52313D69C0071AACF /* Class */ = {
			isa = PBXGroup;
			children = (
				2A0AAF6023346DEE003A647B /* Model */,
				2A0AAF5F23346DB1003A647B /* Controller */,
				2AF7EEF62313D6B00071AACF /* SFRealm.swift */,
				2ABF51692314DB7400658B15 /* TodoModel.swift */,
			);
			path = Class;
			sourceTree = "<group>";
		};
		30B5E1CDF3C698B83F36AC66 /* Pods */ = {
			isa = PBXGroup;
			children = (
				31BB61D4E11C1C2224EC1113 /* Pods-RealmDemo.debug.xcconfig */,
				92A3F5F5B131E4EB4FFDECF3 /* Pods-RealmDemo.release.xcconfig */,
			);
			path = Pods;
			sourceTree = "<group>";
		};
		3B3DC2E73F73F8093E543088 /* Frameworks */ = {
			isa = PBXGroup;
			children = (
				077D272000DD3189EBA20F3E /* Pods_RealmDemo.framework */,
			);
			name = Frameworks;
			sourceTree = "<group>";
		};
/* End PBXGroup section */

/* Begin PBXNativeTarget section */
		2AF7EEDF2313D57A0071AACF /* RealmDemo */ = {
			isa = PBXNativeTarget;
			buildConfigurationList = 2AF7EEF22313D57B0071AACF /* Build configuration list for PBXNativeTarget "RealmDemo" */;
			buildPhases = (
				9558551CB50066AAA1B78F09 /* [CP] Check Pods Manifest.lock */,
				2AF7EEDC2313D57A0071AACF /* Sources */,
				2AF7EEDD2313D57A0071AACF /* Frameworks */,
				2AF7EEDE2313D57A0071AACF /* Resources */,
				2A72461CCE189BF4FF86F6D4 /* [CP] Embed Pods Frameworks */,
			);
			buildRules = (
			);
			dependencies = (
			);
			name = RealmDemo;
			productName = RealmDemo;
			productReference = 2AF7EEE02313D57A0071AACF /* RealmDemo.app */;
			productType = "com.apple.product-type.application";
		};
/* End PBXNativeTarget section */

/* Begin PBXProject section */
		2AF7EED82313D57A0071AACF /* Project object */ = {
			isa = PBXProject;
			attributes = {
				LastSwiftUpdateCheck = 1010;
				LastUpgradeCheck = 1010;
				ORGANIZATIONNAME = ChenTong;
				TargetAttributes = {
					2AF7EEDF2313D57A0071AACF = {
						CreatedOnToolsVersion = 10.1;
					};
				};
			};
			buildConfigurationList = 2AF7EEDB2313D57A0071AACF /* Build configuration list for PBXProject "RealmDemo" */;
			compatibilityVersion = "Xcode 9.3";
			developmentRegion = en;
			hasScannedForEncodings = 0;
			knownRegions = (
				en,
				Base,
			);
			mainGroup = 2AF7EED72313D57A0071AACF;
			productRefGroup = 2AF7EEE12313D57A0071AACF /* Products */;
			projectDirPath = "";
			projectRoot = "";
			targets = (
				2AF7EEDF2313D57A0071AACF /* RealmDemo */,
			);
		};
/* End PBXProject section */

/* Begin PBXResourcesBuildPhase section */
		2AF7EEDE2313D57A0071AACF /* Resources */ = {
			isa = PBXResourcesBuildPhase;
			buildActionMask = 2147483647;
			files = (
				2AF7EEEE2313D57B0071AACF /* LaunchScreen.storyboard in Resources */,
				2AF7EEEB2313D57B0071AACF /* Assets.xcassets in Resources */,
				2AF7EEE92313D57A0071AACF /* Main.storyboard in Resources */,
			);
			runOnlyForDeploymentPostprocessing = 0;
		};
/* End PBXResourcesBuildPhase section */

/* Begin PBXShellScriptBuildPhase section */
		2A72461CCE189BF4FF86F6D4 /* [CP] Embed Pods Frameworks */ = {
			isa = PBXShellScriptBuildPhase;
			buildActionMask = 2147483647;
			files = (
			);
			inputFileListPaths = (
				"${PODS_ROOT}/Target Support Files/Pods-RealmDemo/Pods-RealmDemo-frameworks-${CONFIGURATION}-input-files.xcfilelist",
			);
			name = "[CP] Embed Pods Frameworks";
			outputFileListPaths = (
				"${PODS_ROOT}/Target Support Files/Pods-RealmDemo/Pods-RealmDemo-frameworks-${CONFIGURATION}-output-files.xcfilelist",
			);
			runOnlyForDeploymentPostprocessing = 0;
			shellPath = /bin/sh;
			shellScript = "\"${PODS_ROOT}/Target Support Files/Pods-RealmDemo/Pods-RealmDemo-frameworks.sh\"\n";
			showEnvVarsInLog = 0;
		};
		9558551CB50066AAA1B78F09 /* [CP] Check Pods Manifest.lock */ = {
			isa = PBXShellScriptBuildPhase;
			buildActionMask = 2147483647;
			files = (
			);
			inputFileListPaths = (
			);
			inputPaths = (
				"${PODS_PODFILE_DIR_PATH}/Podfile.lock",
				"${PODS_ROOT}/Manifest.lock",
			);
			name = "[CP] Check Pods Manifest.lock";
			outputFileListPaths = (
			);
			outputPaths = (
				"$(DERIVED_FILE_DIR)/Pods-RealmDemo-checkManifestLockResult.txt",
			);
			runOnlyForDeploymentPostprocessing = 0;
			shellPath = /bin/sh;
			shellScript = "diff \"${PODS_PODFILE_DIR_PATH}/Podfile.lock\" \"${PODS_ROOT}/Manifest.lock\" > /dev/null\nif [ $? != 0 ] ; then\n    # print error to STDERR\n    echo \"error: The sandbox is not in sync with the Podfile.lock. Run 'pod install' or update your CocoaPods installation.\" >&2\n    exit 1\nfi\n# This output is used by Xcode 'outputs' to avoid re-running this script phase.\necho \"SUCCESS\" > \"${SCRIPT_OUTPUT_FILE_0}\"\n";
			showEnvVarsInLog = 0;
		};
/* End PBXShellScriptBuildPhase section */

/* Begin PBXSourcesBuildPhase section */
		2AF7EEDC2313D57A0071AACF /* Sources */ = {
			isa = PBXSourcesBuildPhase;
			buildActionMask = 2147483647;
			files = (
				2AF7EEE62313D57A0071AACF /* ViewController.swift in Sources */,
				2ABF516A2314DB7400658B15 /* TodoModel.swift in Sources */,
				2AF7EEF72313D6B00071AACF /* SFRealm.swift in Sources */,
				2A0AAF6223346E10003A647B /* CCSToDoListViewController.swift in Sources */,
				2AF7EEE42313D57A0071AACF /* AppDelegate.swift in Sources */,
			);
			runOnlyForDeploymentPostprocessing = 0;
		};
/* End PBXSourcesBuildPhase section */

/* Begin PBXVariantGroup section */
		2AF7EEE72313D57A0071AACF /* Main.storyboard */ = {
			isa = PBXVariantGroup;
			children = (
				2AF7EEE82313D57A0071AACF /* Base */,
			);
			name = Main.storyboard;
			sourceTree = "<group>";
		};
		2AF7EEEC2313D57B0071AACF /* LaunchScreen.storyboard */ = {
			isa = PBXVariantGroup;
			children = (
				2AF7EEED2313D57B0071AACF /* Base */,
			);
			name = LaunchScreen.storyboard;
			sourceTree = "<group>";
		};
/* End PBXVariantGroup section */

/* Begin XCBuildConfiguration section */
		2AF7EEF02313D57B0071AACF /* Debug */ = {
			isa = XCBuildConfiguration;
			buildSettings = {
				ALWAYS_SEARCH_USER_PATHS = NO;
				CLANG_ANALYZER_NONNULL = YES;
				CLANG_ANALYZER_NUMBER_OBJECT_CONVERSION = YES_AGGRESSIVE;
				CLANG_CXX_LANGUAGE_STANDARD = "gnu++14";
				CLANG_CXX_LIBRARY = "libc++";
				CLANG_ENABLE_MODULES = YES;
				CLANG_ENABLE_OBJC_ARC = YES;
				CLANG_ENABLE_OBJC_WEAK = YES;
				CLANG_WARN_BLOCK_CAPTURE_AUTORELEASING = YES;
				CLANG_WARN_BOOL_CONVERSION = YES;
				CLANG_WARN_COMMA = YES;
				CLANG_WARN_CONSTANT_CONVERSION = YES;
				CLANG_WARN_DEPRECATED_OBJC_IMPLEMENTATIONS = YES;
				CLANG_WARN_DIRECT_OBJC_ISA_USAGE = YES_ERROR;
				CLANG_WARN_DOCUMENTATION_COMMENTS = YES;
				CLANG_WARN_EMPTY_BODY = YES;
				CLANG_WARN_ENUM_CONVERSION = YES;
				CLANG_WARN_INFINITE_RECURSION = YES;
				CLANG_WARN_INT_CONVERSION = YES;
				CLANG_WARN_NON_LITERAL_NULL_CONVERSION = YES;
				CLANG_WARN_OBJC_IMPLICIT_RETAIN_SELF = YES;
				CLANG_WARN_OBJC_LITERAL_CONVERSION = YES;
				CLANG_WARN_OBJC_ROOT_CLASS = YES_ERROR;
				CLANG_WARN_RANGE_LOOP_ANALYSIS = YES;
				CLANG_WARN_STRICT_PROTOTYPES = YES;
				CLANG_WARN_SUSPICIOUS_MOVE = YES;
				CLANG_WARN_UNGUARDED_AVAILABILITY = YES_AGGRESSIVE;
				CLANG_WARN_UNREACHABLE_CODE = YES;
				CLANG_WARN__DUPLICATE_METHOD_MATCH = YES;
				CODE_SIGN_IDENTITY = "iPhone Developer";
				COPY_PHASE_STRIP = NO;
				DEBUG_INFORMATION_FORMAT = dwarf;
				ENABLE_STRICT_OBJC_MSGSEND = YES;
				ENABLE_TESTABILITY = YES;
				GCC_C_LANGUAGE_STANDARD = gnu11;
				GCC_DYNAMIC_NO_PIC = NO;
				GCC_NO_COMMON_BLOCKS = YES;
				GCC_OPTIMIZATION_LEVEL = 0;
				GCC_PREPROCESSOR_DEFINITIONS = (
					"DEBUG=1",
					"$(inherited)",
				);
				GCC_WARN_64_TO_32_BIT_CONVERSION = YES;
				GCC_WARN_ABOUT_RETURN_TYPE = YES_ERROR;
				GCC_WARN_UNDECLARED_SELECTOR = YES;
				GCC_WARN_UNINITIALIZED_AUTOS = YES_AGGRESSIVE;
				GCC_WARN_UNUSED_FUNCTION = YES;
				GCC_WARN_UNUSED_VARIABLE = YES;
				IPHONEOS_DEPLOYMENT_TARGET = 12.1;
				MTL_ENABLE_DEBUG_INFO = INCLUDE_SOURCE;
				MTL_FAST_MATH = YES;
				ONLY_ACTIVE_ARCH = YES;
				SDKROOT = iphoneos;
				SWIFT_ACTIVE_COMPILATION_CONDITIONS = DEBUG;
				SWIFT_OPTIMIZATION_LEVEL = "-Onone";
			};
			name = Debug;
		};
		2AF7EEF12313D57B0071AACF /* Release */ = {
			isa = XCBuildConfiguration;
			buildSettings = {
				ALWAYS_SEARCH_USER_PATHS = NO;
				CLANG_ANALYZER_NONNULL = YES;
				CLANG_ANALYZER_NUMBER_OBJECT_CONVERSION = YES_AGGRESSIVE;
				CLANG_CXX_LANGUAGE_STANDARD = "gnu++14";
				CLANG_CXX_LIBRARY = "libc++";
				CLANG_ENABLE_MODULES = YES;
				CLANG_ENABLE_OBJC_ARC = YES;
				CLANG_ENABLE_OBJC_WEAK = YES;
				CLANG_WARN_BLOCK_CAPTURE_AUTORELEASING = YES;
				CLANG_WARN_BOOL_CONVERSION = YES;
				CLANG_WARN_COMMA = YES;
				CLANG_WARN_CONSTANT_CONVERSION = YES;
				CLANG_WARN_DEPRECATED_OBJC_IMPLEMENTATIONS = YES;
				CLANG_WARN_DIRECT_OBJC_ISA_USAGE = YES_ERROR;
				CLANG_WARN_DOCUMENTATION_COMMENTS = YES;
				CLANG_WARN_EMPTY_BODY = YES;
				CLANG_WARN_ENUM_CONVERSION = YES;
				CLANG_WARN_INFINITE_RECURSION = YES;
				CLANG_WARN_INT_CONVERSION = YES;
				CLANG_WARN_NON_LITERAL_NULL_CONVERSION = YES;
				CLANG_WARN_OBJC_IMPLICIT_RETAIN_SELF = YES;
				CLANG_WARN_OBJC_LITERAL_CONVERSION = YES;
				CLANG_WARN_OBJC_ROOT_CLASS = YES_ERROR;
				CLANG_WARN_RANGE_LOOP_ANALYSIS = YES;
				CLANG_WARN_STRICT_PROTOTYPES = YES;
				CLANG_WARN_SUSPICIOUS_MOVE = YES;
				CLANG_WARN_UNGUARDED_AVAILABILITY = YES_AGGRESSIVE;
				CLANG_WARN_UNREACHABLE_CODE = YES;
				CLANG_WARN__DUPLICATE_METHOD_MATCH = YES;
				CODE_SIGN_IDENTITY = "iPhone Developer";
				COPY_PHASE_STRIP = NO;
				DEBUG_INFORMATION_FORMAT = "dwarf-with-dsym";
				ENABLE_NS_ASSERTIONS = NO;
				ENABLE_STRICT_OBJC_MSGSEND = YES;
				GCC_C_LANGUAGE_STANDARD = gnu11;
				GCC_NO_COMMON_BLOCKS = YES;
				GCC_WARN_64_TO_32_BIT_CONVERSION = YES;
				GCC_WARN_ABOUT_RETURN_TYPE = YES_ERROR;
				GCC_WARN_UNDECLARED_SELECTOR = YES;
				GCC_WARN_UNINITIALIZED_AUTOS = YES_AGGRESSIVE;
				GCC_WARN_UNUSED_FUNCTION = YES;
				GCC_WARN_UNUSED_VARIABLE = YES;
				IPHONEOS_DEPLOYMENT_TARGET = 12.1;
				MTL_ENABLE_DEBUG_INFO = NO;
				MTL_FAST_MATH = YES;
				SDKROOT = iphoneos;
				SWIFT_COMPILATION_MODE = wholemodule;
				SWIFT_OPTIMIZATION_LEVEL = "-O";
				VALIDATE_PRODUCT = YES;
			};
			name = Release;
		};
		2AF7EEF32313D57B0071AACF /* Debug */ = {
			isa = XCBuildConfiguration;
			baseConfigurationReference = 31BB61D4E11C1C2224EC1113 /* Pods-RealmDemo.debug.xcconfig */;
			buildSettings = {
				ASSETCATALOG_COMPILER_APPICON_NAME = AppIcon;
				CODE_SIGN_STYLE = Automatic;
				INFOPLIST_FILE = RealmDemo/Info.plist;
				LD_RUNPATH_SEARCH_PATHS = (
					"$(inherited)",
					"@executable_path/Frameworks",
				);
				PRODUCT_BUNDLE_IDENTIFIER = ctinus.RealmDemo;
				PRODUCT_NAME = "$(TARGET_NAME)";
				SWIFT_VERSION = 4.2;
				TARGETED_DEVICE_FAMILY = "1,2";
			};
			name = Debug;
		};
		2AF7EEF42313D57B0071AACF /* Release */ = {
			isa = XCBuildConfiguration;
			baseConfigurationReference = 92A3F5F5B131E4EB4FFDECF3 /* Pods-RealmDemo.release.xcconfig */;
			buildSettings = {
				ASSETCATALOG_COMPILER_APPICON_NAME = AppIcon;
				CODE_SIGN_STYLE = Automatic;
				INFOPLIST_FILE = RealmDemo/Info.plist;
				LD_RUNPATH_SEARCH_PATHS = (
					"$(inherited)",
					"@executable_path/Frameworks",
				);
				PRODUCT_BUNDLE_IDENTIFIER = ctinus.RealmDemo;
				PRODUCT_NAME = "$(TARGET_NAME)";
				SWIFT_VERSION = 4.2;
				TARGETED_DEVICE_FAMILY = "1,2";
			};
			name = Release;
		};
/* End XCBuildConfiguration section */

/* Begin XCConfigurationList section */
		2AF7EEDB2313D57A0071AACF /* Build configuration list for PBXProject "RealmDemo" */ = {
			isa = XCConfigurationList;
			buildConfigurations = (
				2AF7EEF02313D57B0071AACF /* Debug */,
				2AF7EEF12313D57B0071AACF /* Release */,
			);
			defaultConfigurationIsVisible = 0;
			defaultConfigurationName = Release;
		};
		2AF7EEF22313D57B0071AACF /* Build configuration list for PBXNativeTarget "RealmDemo" */ = {
			isa = XCConfigurationList;
			buildConfigurations = (
				2AF7EEF32313D57B0071AACF /* Debug */,
				2AF7EEF42313D57B0071AACF /* Release */,
			);
			defaultConfigurationIsVisible = 0;
			defaultConfigurationName = Release;
		};
/* End XCConfigurationList section */
	};
	rootObject = 2AF7EED82313D57A0071AACF /* Project object */;
}
